PODS:
  - Crashlytics (3.12.0):
    - Fabric (~> 1.9.0)
  - Fabric (1.9.0)
  - Realm (3.13.1):
    - Realm/Headers (= 3.13.1)
  - Realm/Headers (3.13.1)
  - RealmSwift (3.13.1):
    - Realm (= 3.13.1)
  - TinyConstraints (3.3.1)
  - YoutubeKit (0.3.0)

DEPENDENCIES:
  - Crashlytics
  - Fabric
  - RealmSwift
  - TinyConstraints
  - YoutubeKit

SPEC REPOS:
  https://github.com/cocoapods/specs.git:
    - Crashlytics
    - Fabric
    - Realm
    - RealmSwift
    - TinyConstraints
    - YoutubeKit

SPEC CHECKSUMS:
  Crashlytics: 07fb167b1694128c1c9a5a5cc319b0e9c3ca0933
  Fabric: f988e33c97f08930a413e08123064d2e5f68d655
  Realm: 50071da38fe079e0735e47c9f2eae738c68c5996
  RealmSwift: 8a1e6a02b7a08cd17a31e3115143fb69fe5f3fb9
  TinyConstraints: dbf7519aefc01ea59d62244300c7718aec68e280
  YoutubeKit: a00e9eebcb3cfe26d7e233c5f8591dfd0b08f7a0

PODFILE CHECKSUM: b1032cb7f5b63c5ceff5652b5fafa2a5eb7dbb0c

COCOAPODS: 1.6.0
